// !$*UTF8*$!
{
	archiveVersion = 1;
	classes = {
	};
	objectVersion = 56;
	objects = {

/* Begin PBXBuildFile section */
		F7778D5E2DD7B93A005BC985 /* CastAppProApp.swift in Sources */ = {isa = PBXBuildFile; fileRef = F7778D5D2DD7B93A005BC985 /* CastAppProApp.swift */; };
		F7778D622DD7B93B005BC985 /* Assets.xcassets in Resources */ = {isa = PBXBuildFile; fileRef = F7778D612DD7B93B005BC985 /* Assets.xcassets */; };
		F7A7B8C72DD8140F00A2F349 /* RemoteControlView.swift in Sources */ = {isa = PBXBuildFile; fileRef = F7A7B8B82DD8140E00A2F349 /* RemoteControlView.swift */; };
		F7A7B8C82DD8140F00A2F349 /* WebView.swift in Sources */ = {isa = PBXBuildFile; fileRef = F7A7B8B92DD8140E00A2F349 /* WebView.swift */; };
		F7A7B8C92DD8140F00A2F349 /* CastModalView.swift in Sources */ = {isa = PBXBuildFile; fileRef = F7A7B8BA2DD8140E00A2F349 /* CastModalView.swift */; };
		F7A7B8CA2DD8140F00A2F349 /* Preview Assets.xcassets in Resources */ = {isa = PBXBuildFile; fileRef = F7A7B8BC2DD8140E00A2F349 /* Preview Assets.xcassets */; };
		F7A7B8CB2DD8140F00A2F349 /* RokuDevice.swift in Sources */ = {isa = PBXBuildFile; fileRef = F7A7B8BE2DD8140E00A2F349 /* RokuDevice.swift */; };
		F7A7B8CC2DD8140F00A2F349 /* SSDPService.swift in Sources */ = {isa = PBXBuildFile; fileRef = F7A7B8BF2DD8140E00A2F349 /* SSDPService.swift */; };
		F7A7B8D02DD8140F00A2F349 /* RokuController.swift in Sources */ = {isa = PBXBuildFile; fileRef = F7A7B8C42DD8140E00A2F349 /* RokuController.swift */; };
		F7A7B8D32DD814BF00A2F349 /* ContentView.swift in Sources */ = {isa = PBXBuildFile; fileRef = F7A7B8D22DD814BF00A2F349 /* ContentView.swift */; };
		F7A7B8D52DD9365900A2F349 /* Movie.swift in Sources */ = {isa = PBXBuildFile; fileRef = F7A7B8D42DD9365900A2F349 /* Movie.swift */; };
		F7A7B8D82DD9368600A2F349 /* MovieService.swift in Sources */ = {isa = PBXBuildFile; fileRef = F7A7B8D72DD9368600A2F349 /* MovieService.swift */; };
/* End PBXBuildFile section */

/* Begin PBXFileReference section */
		F7778D5A2DD7B93A005BC985 /* CastAppPro.app */ = {isa = PBXFileReference; explicitFileType = wrapper.application; includeInIndex = 0; path = CastAppPro.app; sourceTree = BUILT_PRODUCTS_DIR; };
		F7778D5D2DD7B93A005BC985 /* CastAppProApp.swift */ = {isa = PBXFileReference; lastKnownFileType = sourcecode.swift; path = CastAppProApp.swift; sourceTree = "<group>"; };
		F7778D612DD7B93B005BC985 /* Assets.xcassets */ = {isa = PBXFileReference; lastKnownFileType = folder.assetcatalog; path = Assets.xcassets; sourceTree = "<group>"; };
		F7778D642DD7B93B005BC985 /* Preview Assets.xcassets */ = {isa = PBXFileReference; lastKnownFileType = folder.assetcatalog; path = "Preview Assets.xcassets"; sourceTree = "<group>"; };
		F7A7B8B62DD8140E00A2F349 /* Assets.xcassets */ = {isa = PBXFileReference; lastKnownFileType = folder.assetcatalog; path = Assets.xcassets; sourceTree = "<group>"; };
		F7A7B8B82DD8140E00A2F349 /* RemoteControlView.swift */ = {isa = PBXFileReference; fileEncoding = 4; lastKnownFileType = sourcecode.swift; path = RemoteControlView.swift; sourceTree = "<group>"; };
		F7A7B8B92DD8140E00A2F349 /* WebView.swift */ = {isa = PBXFileReference; fileEncoding = 4; lastKnownFileType = sourcecode.swift; path = WebView.swift; sourceTree = "<group>"; };
		F7A7B8BA2DD8140E00A2F349 /* CastModalView.swift */ = {isa = PBXFileReference; fileEncoding = 4; lastKnownFileType = sourcecode.swift; path = CastModalView.swift; sourceTree = "<group>"; };
		F7A7B8BC2DD8140E00A2F349 /* Preview Assets.xcassets */ = {isa = PBXFileReference; lastKnownFileType = folder.assetcatalog; path = "Preview Assets.xcassets"; sourceTree = "<group>"; };
		F7A7B8BE2DD8140E00A2F349 /* RokuDevice.swift */ = {isa = PBXFileReference; fileEncoding = 4; lastKnownFileType = sourcecode.swift; path = RokuDevice.swift; sourceTree = "<group>"; };
		F7A7B8BF2DD8140E00A2F349 /* SSDPService.swift */ = {isa = PBXFileReference; fileEncoding = 4; lastKnownFileType = sourcecode.swift; path = SSDPService.swift; sourceTree = "<group>"; };
		F7A7B8C42DD8140E00A2F349 /* RokuController.swift */ = {isa = PBXFileReference; fileEncoding = 4; lastKnownFileType = sourcecode.swift; path = RokuController.swift; sourceTree = "<group>"; };
		F7A7B8D22DD814BF00A2F349 /* ContentView.swift */ = {isa = PBXFileReference; fileEncoding = 4; lastKnownFileType = sourcecode.swift; path = ContentView.swift; sourceTree = "<group>"; };
		F7A7B8D42DD9365900A2F349 /* Movie.swift */ = {isa = PBXFileReference; fileEncoding = 4; lastKnownFileType = sourcecode.swift; path = Movie.swift; sourceTree = "<group>"; };
		F7A7B8D72DD9368600A2F349 /* MovieService.swift */ = {isa = PBXFileReference; fileEncoding = 4; lastKnownFileType = sourcecode.swift; path = MovieService.swift; sourceTree = "<group>"; };
		F7A7B8D92DD966FD00A2F349 /* Info.plist */ = {isa = PBXFileReference; lastKnownFileType = text.plist; path = Info.plist; sourceTree = "<group>"; };
/* End PBXFileReference section */

/* Begin PBXFrameworksBuildPhase section */
		F7778D572DD7B93A005BC985 /* Frameworks */ = {
			isa = PBXFrameworksBuildPhase;
			buildActionMask = 2147483647;
			files = (
			);
			runOnlyForDeploymentPostprocessing = 0;
		};
/* End PBXFrameworksBuildPhase section */

/* Begin PBXGroup section */
		F7778D512DD7B93A005BC985 = {
			isa = PBXGroup;
			children = (
				F7778D5C2DD7B93A005BC985 /* CastAppPro */,
				F7778D5B2DD7B93A005BC985 /* Products */,
			);
			sourceTree = "<group>";
		};
		F7778D5B2DD7B93A005BC985 /* Products */ = {
			isa = PBXGroup;
			children = (
				F7778D5A2DD7B93A005BC985 /* CastAppPro.app */,
			);
			name = Products;
			sourceTree = "<group>";
		};
		F7778D5C2DD7B93A005BC985 /* CastAppPro */ = {
			isa = PBXGroup;
			children = (
				F7A7B8D92DD966FD00A2F349 /* Info.plist */,
				F7A7B8D62DD9368600A2F349 /* Services */,
				F7A7B8B62DD8140E00A2F349 /* Assets.xcassets */,
				F7A7B8C32DD8140E00A2F349 /* Controllers */,
				F7A7B8BD2DD8140E00A2F349 /* Models */,
				F7A7B8BB2DD8140E00A2F349 /* Preview Content */,
				F7A7B8B72DD8140E00A2F349 /* Views */,
				F7778D5D2DD7B93A005BC985 /* CastAppProApp.swift */,
				F7778D612DD7B93B005BC985 /* Assets.xcassets */,
				F7778D632DD7B93B005BC985 /* Preview Content */,
			);
			path = CastAppPro;
			sourceTree = "<group>";
		};
		F7778D632DD7B93B005BC985 /* Preview Content */ = {
			isa = PBXGroup;
			children = (
				F7778D642DD7B93B005BC985 /* Preview Assets.xcassets */,
			);
			path = "Preview Content";
			sourceTree = "<group>";
		};
		F7A7B8B72DD8140E00A2F349 /* Views */ = {
			isa = PBXGroup;
			children = (
				F7A7B8D22DD814BF00A2F349 /* ContentView.swift */,
				F7A7B8B82DD8140E00A2F349 /* RemoteControlView.swift */,
				F7A7B8B92DD8140E00A2F349 /* WebView.swift */,
				F7A7B8BA2DD8140E00A2F349 /* CastModalView.swift */,
			);
			path = Views;
			sourceTree = "<group>";
		};
		F7A7B8BB2DD8140E00A2F349 /* Preview Content */ = {
			isa = PBXGroup;
			children = (
				F7A7B8BC2DD8140E00A2F349 /* Preview Assets.xcassets */,
			);
			path = "Preview Content";
			sourceTree = "<group>";
		};
		F7A7B8BD2DD8140E00A2F349 /* Models */ = {
			isa = PBXGroup;
			children = (
				F7A7B8D42DD9365900A2F349 /* Movie.swift */,
				F7A7B8BE2DD8140E00A2F349 /* RokuDevice.swift */,
				F7A7B8BF2DD8140E00A2F349 /* SSDPService.swift */,
			);
			path = Models;
			sourceTree = "<group>";
		};
		F7A7B8C32DD8140E00A2F349 /* Controllers */ = {
			isa = PBXGroup;
			children = (
				F7A7B8C42DD8140E00A2F349 /* RokuController.swift */,
			);
			path = Controllers;
			sourceTree = "<group>";
		};
		F7A7B8D62DD9368600A2F349 /* Services */ = {
			isa = PBXGroup;
			children = (
				F7A7B8D72DD9368600A2F349 /* MovieService.swift */,
			);
			path = Services;
			sourceTree = "<group>";
		};
/* End PBXGroup section */

/* Begin PBXNativeTarget section */
		F7778D592DD7B93A005BC985 /* CastAppPro */ = {
			isa = PBXNativeTarget;
			buildConfigurationList = F7778D682DD7B93B005BC985 /* Build configuration list for PBXNativeTarget "CastAppPro" */;
			buildPhases = (
				F7778D562DD7B93A005BC985 /* Sources */,
				F7778D572DD7B93A005BC985 /* Frameworks */,
				F7778D582DD7B93A005BC985 /* Resources */,
			);
			buildRules = (
			);
			dependencies = (
			);
			name = CastAppPro;
			productName = CastAppPro;
			productReference = F7778D5A2DD7B93A005BC985 /* CastAppPro.app */;
			productType = "com.apple.product-type.application";
		};
/* End PBXNativeTarget section */

/* Begin PBXProject section */
		F7778D522DD7B93A005BC985 /* Project object */ = {
			isa = PBXProject;
			attributes = {
				BuildIndependentTargetsInParallel = 1;
				LastSwiftUpdateCheck = 1420;
				LastUpgradeCheck = 1420;
				TargetAttributes = {
					F7778D592DD7B93A005BC985 = {
						CreatedOnToolsVersion = 14.2;
					};
				};
			};
			buildConfigurationList = F7778D552DD7B93A005BC985 /* Build configuration list for PBXProject "CastAppPro" */;
			compatibilityVersion = "Xcode 14.0";
			developmentRegion = en;
			hasScannedForEncodings = 0;
			knownRegions = (
				en,
				Base,
			);
			mainGroup = F7778D512DD7B93A005BC985;
			productRefGroup = F7778D5B2DD7B93A005BC985 /* Products */;
			projectDirPath = "";
			projectRoot = "";
			targets = (
				F7778D592DD7B93A005BC985 /* CastAppPro */,
			);
		};
/* End PBXProject section */

/* Begin PBXResourcesBuildPhase section */
		F7778D582DD7B93A005BC985 /* Resources */ = {
			isa = PBXResourcesBuildPhase;
			buildActionMask = 2147483647;
			files = (
				F7A7B8CA2DD8140F00A2F349 /* Preview Assets.xcassets in Resources */,
				F7778D622DD7B93B005BC985 /* Assets.xcassets in Resources */,
			);
			runOnlyForDeploymentPostprocessing = 0;
		};
/* End PBXResourcesBuildPhase section */

/* Begin PBXSourcesBuildPhase section */
		F7778D562DD7B93A005BC985 /* Sources */ = {
			isa = PBXSourcesBuildPhase;
			buildActionMask = 2147483647;
			files = (
				F7A7B8CB2DD8140F00A2F349 /* RokuDevice.swift in Sources */,
				F7A7B8CC2DD8140F00A2F349 /* SSDPService.swift in Sources */,
				F7A7B8D52DD9365900A2F349 /* Movie.swift in Sources */,
				F7A7B8D32DD814BF00A2F349 /* ContentView.swift in Sources */,
				F7A7B8D82DD9368600A2F349 /* MovieService.swift in Sources */,
				F7A7B8C82DD8140F00A2F349 /* WebView.swift in Sources */,
				F7A7B8D02DD8140F00A2F349 /* RokuController.swift in Sources */,
				F7A7B8C92DD8140F00A2F349 /* CastModalView.swift in Sources */,
				F7A7B8C72DD8140F00A2F349 /* RemoteControlView.swift in Sources */,
				F7778D5E2DD7B93A005BC985 /* CastAppProApp.swift in Sources */,
			);
			runOnlyForDeploymentPostprocessing = 0;
		};
/* End PBXSourcesBuildPhase section */

/* Begin XCBuildConfiguration section */
		F7778D662DD7B93B005BC985 /* Debug */ = {
			isa = XCBuildConfiguration;
			buildSettings = {
				ALWAYS_SEARCH_USER_PATHS = NO;
				CLANG_ANALYZER_NONNULL = YES;
				CLANG_ANALYZER_NUMBER_OBJECT_CONVERSION = YES_AGGRESSIVE;
				CLANG_CXX_LANGUAGE_STANDARD = "gnu++20";
				CLANG_ENABLE_MODULES = YES;
				CLANG_ENABLE_OBJC_ARC = YES;
				CLANG_ENABLE_OBJC_WEAK = YES;
				CLANG_WARN_BLOCK_CAPTURE_AUTORELEASING = YES;
				CLANG_WARN_BOOL_CONVERSION = YES;
				CLANG_WARN_COMMA = YES;
				CLANG_WARN_CONSTANT_CONVERSION = YES;
				CLANG_WARN_DEPRECATED_OBJC_IMPLEMENTATIONS = YES;
				CLANG_WARN_DIRECT_OBJC_ISA_USAGE = YES_ERROR;
				CLANG_WARN_DOCUMENTATION_COMMENTS = YES;
				CLANG_WARN_EMPTY_BODY = YES;
				CLANG_WARN_ENUM_CONVERSION = YES;
				CLANG_WARN_INFINITE_RECURSION = YES;
				CLANG_WARN_INT_CONVERSION = YES;
				CLANG_WARN_NON_LITERAL_NULL_CONVERSION = YES;
				CLANG_WARN_OBJC_IMPLICIT_RETAIN_SELF = YES;
				CLANG_WARN_OBJC_LITERAL_CONVERSION = YES;
				CLANG_WARN_OBJC_ROOT_CLASS = YES_ERROR;
				CLANG_WARN_QUOTED_INCLUDE_IN_FRAMEWORK_HEADER = YES;
				CLANG_WARN_RANGE_LOOP_ANALYSIS = YES;
				CLANG_WARN_STRICT_PROTOTYPES = YES;
				CLANG_WARN_SUSPICIOUS_MOVE = YES;
				CLANG_WARN_UNGUARDED_AVAILABILITY = YES_AGGRESSIVE;
				CLANG_WARN_UNREACHABLE_CODE = YES;
				CLANG_WARN__DUPLICATE_METHOD_MATCH = YES;
				COPY_PHASE_STRIP = NO;
				DEBUG_INFORMATION_FORMAT = dwarf;
				ENABLE_STRICT_OBJC_MSGSEND = YES;
				ENABLE_TESTABILITY = YES;
				GCC_C_LANGUAGE_STANDARD = gnu11;
				GCC_DYNAMIC_NO_PIC = NO;
				GCC_NO_COMMON_BLOCKS = YES;
				GCC_OPTIMIZATION_LEVEL = 0;
				GCC_PREPROCESSOR_DEFINITIONS = (
					"DEBUG=1",
					"$(inherited)",
				);
				GCC_WARN_64_TO_32_BIT_CONVERSION = YES;
				GCC_WARN_ABOUT_RETURN_TYPE = YES_ERROR;
				GCC_WARN_UNDECLARED_SELECTOR = YES;
				GCC_WARN_UNINITIALIZED_AUTOS = YES_AGGRESSIVE;
				GCC_WARN_UNUSED_FUNCTION = YES;
				GCC_WARN_UNUSED_VARIABLE = YES;
				IPHONEOS_DEPLOYMENT_TARGET = 16.0;
				MTL_ENABLE_DEBUG_INFO = INCLUDE_SOURCE;
				MTL_FAST_MATH = YES;
				ONLY_ACTIVE_ARCH = YES;
				SDKROOT = iphoneos;
				SWIFT_ACTIVE_COMPILATION_CONDITIONS = DEBUG;
				SWIFT_OPTIMIZATION_LEVEL = "-Onone";
			};
			name = Debug;
		};
		F7778D672DD7B93B005BC985 /* Release */ = {
			isa = XCBuildConfiguration;
			buildSettings = {
				ALWAYS_SEARCH_USER_PATHS = NO;
				CLANG_ANALYZER_NONNULL = YES;
				CLANG_ANALYZER_NUMBER_OBJECT_CONVERSION = YES_AGGRESSIVE;
				CLANG_CXX_LANGUAGE_STANDARD = "gnu++20";
				CLANG_ENABLE_MODULES = YES;
				CLANG_ENABLE_OBJC_ARC = YES;
				CLANG_ENABLE_OBJC_WEAK = YES;
				CLANG_WARN_BLOCK_CAPTURE_AUTORELEASING = YES;
				CLANG_WARN_BOOL_CONVERSION = YES;
				CLANG_WARN_COMMA = YES;
				CLANG_WARN_CONSTANT_CONVERSION = YES;
				CLANG_WARN_DEPRECATED_OBJC_IMPLEMENTATIONS = YES;
				CLANG_WARN_DIRECT_OBJC_ISA_USAGE = YES_ERROR;
				CLANG_WARN_DOCUMENTATION_COMMENTS = YES;
				CLANG_WARN_EMPTY_BODY = YES;
				CLANG_WARN_ENUM_CONVERSION = YES;
				CLANG_WARN_INFINITE_RECURSION = YES;
				CLANG_WARN_INT_CONVERSION = YES;
				CLANG_WARN_NON_LITERAL_NULL_CONVERSION = YES;
				CLANG_WARN_OBJC_IMPLICIT_RETAIN_SELF = YES;
				CLANG_WARN_OBJC_LITERAL_CONVERSION = YES;
				CLANG_WARN_OBJC_ROOT_CLASS = YES_ERROR;
				CLANG_WARN_QUOTED_INCLUDE_IN_FRAMEWORK_HEADER = YES;
				CLANG_WARN_RANGE_LOOP_ANALYSIS = YES;
				CLANG_WARN_STRICT_PROTOTYPES = YES;
				CLANG_WARN_SUSPICIOUS_MOVE = YES;
				CLANG_WARN_UNGUARDED_AVAILABILITY = YES_AGGRESSIVE;
				CLANG_WARN_UNREACHABLE_CODE = YES;
				CLANG_WARN__DUPLICATE_METHOD_MATCH = YES;
				COPY_PHASE_STRIP = NO;
				DEBUG_INFORMATION_FORMAT = "dwarf-with-dsym";
				ENABLE_NS_ASSERTIONS = NO;
				ENABLE_STRICT_OBJC_MSGSEND = YES;
				GCC_C_LANGUAGE_STANDARD = gnu11;
				GCC_NO_COMMON_BLOCKS = YES;
				GCC_WARN_64_TO_32_BIT_CONVERSION = YES;
				GCC_WARN_ABOUT_RETURN_TYPE = YES_ERROR;
				GCC_WARN_UNDECLARED_SELECTOR = YES;
				GCC_WARN_UNINITIALIZED_AUTOS = YES_AGGRESSIVE;
				GCC_WARN_UNUSED_FUNCTION = YES;
				GCC_WARN_UNUSED_VARIABLE = YES;
				IPHONEOS_DEPLOYMENT_TARGET = 16.0;
				MTL_ENABLE_DEBUG_INFO = NO;
				MTL_FAST_MATH = YES;
				SDKROOT = iphoneos;
				SWIFT_COMPILATION_MODE = wholemodule;
				SWIFT_OPTIMIZATION_LEVEL = "-O";
				VALIDATE_PRODUCT = YES;
			};
			name = Release;
		};
		F7778D692DD7B93B005BC985 /* Debug */ = {
			isa = XCBuildConfiguration;
			buildSettings = {
				ASSETCATALOG_COMPILER_APPICON_NAME = AppIcon;
				ASSETCATALOG_COMPILER_GLOBAL_ACCENT_COLOR_NAME = AccentColor;
				CODE_SIGN_STYLE = Automatic;
				CURRENT_PROJECT_VERSION = 1;
				DEVELOPMENT_ASSET_PATHS = "\"CastAppPro/Preview Content\"";
				DEVELOPMENT_TEAM = RB57AZ828B;
				ENABLE_PREVIEWS = YES;
				GENERATE_INFOPLIST_FILE = YES;
				INFOPLIST_FILE = CastAppPro/Info.plist;
				INFOPLIST_KEY_NSLocalNetworkUsageDescription = "This app needs access to devices on your local network to discover and cast to Roku devices.";
				INFOPLIST_KEY_UIApplicationSceneManifest_Generation = YES;
				INFOPLIST_KEY_UIApplicationSupportsIndirectInputEvents = YES;
				INFOPLIST_KEY_UILaunchScreen_Generation = YES;
				INFOPLIST_KEY_UISupportedInterfaceOrientations_iPad = "UIInterfaceOrientationPortrait UIInterfaceOrientationPortraitUpsideDown UIInterfaceOrientationLandscapeLeft UIInterfaceOrientationLandscapeRight";
				INFOPLIST_KEY_UISupportedInterfaceOrientations_iPhone = "UIInterfaceOrientationPortrait UIInterfaceOrientationLandscapeLeft UIInterfaceOrientationLandscapeRight";
				LD_RUNPATH_SEARCH_PATHS = (
					"$(inherited)",
					"@executable_path/Frameworks",
				);
				MARKETING_VERSION = 1.0;
				PRODUCT_BUNDLE_IDENTIFIER = io.eventapp.ios16.CastAppPro;
				PRODUCT_NAME = "$(TARGET_NAME)";
				SWIFT_EMIT_LOC_STRINGS = YES;
				SWIFT_VERSION = 5.0;
				TARGETED_DEVICE_FAMILY = "1,2";
			};
			name = Debug;
		};
		F7778D6A2DD7B93B005BC985 /* Release */ = {
			isa = XCBuildConfiguration;
			buildSettings = {
				ASSETCATALOG_COMPILER_APPICON_NAME = AppIcon;
				ASSETCATALOG_COMPILER_GLOBAL_ACCENT_COLOR_NAME = AccentColor;
				CODE_SIGN_STYLE = Automatic;
				CURRENT_PROJECT_VERSION = 1;
				DEVELOPMENT_ASSET_PATHS = "\"CastAppPro/Preview Content\"";
				DEVELOPMENT_TEAM = RB57AZ828B;
				ENABLE_PREVIEWS = YES;
				GENERATE_INFOPLIST_FILE = YES;
				INFOPLIST_FILE = CastAppPro/Info.plist;
				INFOPLIST_KEY_NSLocalNetworkUsageDescription = "This app needs access to devices on your local network to discover and cast to Roku devices.";
				INFOPLIST_KEY_UIApplicationSceneManifest_Generation = YES;
				INFOPLIST_KEY_UIApplicationSupportsIndirectInputEvents = YES;
				INFOPLIST_KEY_UILaunchScreen_Generation = YES;
				INFOPLIST_KEY_UISupportedInterfaceOrientations_iPad = "UIInterfaceOrientationPortrait UIInterfaceOrientationPortraitUpsideDown UIInterfaceOrientationLandscapeLeft UIInterfaceOrientationLandscapeRight";
				INFOPLIST_KEY_UISupportedInterfaceOrientations_iPhone = "UIInterfaceOrientationPortrait UIInterfaceOrientationLandscapeLeft UIInterfaceOrientationLandscapeRight";
				LD_RUNPATH_SEARCH_PATHS = (
					"$(inherited)",
					"@executable_path/Frameworks",
				);
				MARKETING_VERSION = 1.0;
				PRODUCT_BUNDLE_IDENTIFIER = io.eventapp.ios16.CastAppPro;
				PRODUCT_NAME = "$(TARGET_NAME)";
				SWIFT_EMIT_LOC_STRINGS = YES;
				SWIFT_VERSION = 5.0;
				TARGETED_DEVICE_FAMILY = "1,2";
			};
			name = Release;
		};
/* End XCBuildConfiguration section */

/* Begin XCConfigurationList section */
		F7778D552DD7B93A005BC985 /* Build configuration list for PBXProject "CastAppPro" */ = {
			isa = XCConfigurationList;
			buildConfigurations = (
				F7778D662DD7B93B005BC985 /* Debug */,
				F7778D672DD7B93B005BC985 /* Release */,
			);
			defaultConfigurationIsVisible = 0;
			defaultConfigurationName = Release;
		};
		F7778D682DD7B93B005BC985 /* Build configuration list for PBXNativeTarget "CastAppPro" */ = {
			isa = XCConfigurationList;
			buildConfigurations = (
				F7778D692DD7B93B005BC985 /* Debug */,
				F7778D6A2DD7B93B005BC985 /* Release */,
			);
			defaultConfigurationIsVisible = 0;
			defaultConfigurationName = Release;
		};
/* End XCConfigurationList section */
	};
	rootObject = F7778D522DD7B93A005BC985 /* Project object */;
}
